
Microsoft Visual Studio Solution File, Format Version 12.00
# Visual Studio Version 17
VisualStudioVersion = 17.13.35806.99 d17.13
MinimumVisualStudioVersion = 10.0.40219.1
Project("{8BC9CEB8-8B4A-11D0-8D11-00A0C91BC942}") = "ProcessInjector", "ProcessInjector\ProcessInjector.vcxproj", "{A27A672B-FDC3-4740-8F30-20B03984DA8D}"
EndProject
Project("{8BC9CEB8-8B4A-11D0-8D11-00A0C91BC942}") = "ProcessInjector.UI", "ProcessInjector.UI\ProcessInjector.UI.vcxproj", "{2CA39178-3C09-424A-9EF0-DFF1F24CC0FC}"
EndProject
Project("{8BC9CEB8-8B4A-11D0-8D11-00A0C91BC942}") = "ExampleDLL", "ExampleDLL\ExampleDLL.vcxproj", "{AD3EFECC-FC9A-4284-85BE-CFB566B3E4F9}"
EndProject
Project("{FAE04EC0-301F-11D3-BF4B-00C04F79EFBC}") = "ProcessInjector.UIcs", "ProcessInjector.UIcs\ProcessInjector.UIcs.csproj", "{4BA822FD-C10E-4957-A714-07CDE81CF392}"
EndProject
Global
	GlobalSection(SolutionConfigurationPlatforms) = preSolution
		Debug|Any CPU = Debug|Any CPU
		Debug|x64 = Debug|x64
		Debug|x86 = Debug|x86
		Release|Any CPU = Release|Any CPU
		Release|x64 = Release|x64
		Release|x86 = Release|x86
	EndGlobalSection
	GlobalSection(ProjectConfigurationPlatforms) = postSolution
		{A27A672B-FDC3-4740-8F30-20B03984DA8D}.Debug|Any CPU.ActiveCfg = Debug|x64
		{A27A672B-FDC3-4740-8F30-20B03984DA8D}.Debug|Any CPU.Build.0 = Debug|x64
		{A27A672B-FDC3-4740-8F30-20B03984DA8D}.Debug|x64.ActiveCfg = Debug|x64
		{A27A672B-FDC3-4740-8F30-20B03984DA8D}.Debug|x64.Build.0 = Debug|x64
		{A27A672B-FDC3-4740-8F30-20B03984DA8D}.Debug|x86.ActiveCfg = Debug|Win32
		{A27A672B-FDC3-4740-8F30-20B03984DA8D}.Debug|x86.Build.0 = Debug|Win32
		{A27A672B-FDC3-4740-8F30-20B03984DA8D}.Release|Any CPU.ActiveCfg = Release|x64
		{A27A672B-FDC3-4740-8F30-20B03984DA8D}.Release|Any CPU.Build.0 = Release|x64
		{A27A672B-FDC3-4740-8F30-20B03984DA8D}.Release|x64.ActiveCfg = Release|x64
		{A27A672B-FDC3-4740-8F30-20B03984DA8D}.Release|x64.Build.0 = Release|x64
		{A27A672B-FDC3-4740-8F30-20B03984DA8D}.Release|x86.ActiveCfg = Release|Win32
		{A27A672B-FDC3-4740-8F30-20B03984DA8D}.Release|x86.Build.0 = Release|Win32
		{2CA39178-3C09-424A-9EF0-DFF1F24CC0FC}.Debug|Any CPU.ActiveCfg = Debug|x64
		{2CA39178-3C09-424A-9EF0-DFF1F24CC0FC}.Debug|Any CPU.Build.0 = Debug|x64
		{2CA39178-3C09-424A-9EF0-DFF1F24CC0FC}.Debug|x64.ActiveCfg = Debug|x64
		{2CA39178-3C09-424A-9EF0-DFF1F24CC0FC}.Debug|x64.Build.0 = Debug|x64
		{2CA39178-3C09-424A-9EF0-DFF1F24CC0FC}.Debug|x86.ActiveCfg = Debug|Win32
		{2CA39178-3C09-424A-9EF0-DFF1F24CC0FC}.Debug|x86.Build.0 = Debug|Win32
		{2CA39178-3C09-424A-9EF0-DFF1F24CC0FC}.Release|Any CPU.ActiveCfg = Release|x64
		{2CA39178-3C09-424A-9EF0-DFF1F24CC0FC}.Release|Any CPU.Build.0 = Release|x64
		{2CA39178-3C09-424A-9EF0-DFF1F24CC0FC}.Release|x64.ActiveCfg = Release|x64
		{2CA39178-3C09-424A-9EF0-DFF1F24CC0FC}.Release|x64.Build.0 = Release|x64
		{2CA39178-3C09-424A-9EF0-DFF1F24CC0FC}.Release|x86.ActiveCfg = Release|Win32
		{2CA39178-3C09-424A-9EF0-DFF1F24CC0FC}.Release|x86.Build.0 = Release|Win32
		{AD3EFECC-FC9A-4284-85BE-CFB566B3E4F9}.Debug|Any CPU.ActiveCfg = Debug|x64
		{AD3EFECC-FC9A-4284-85BE-CFB566B3E4F9}.Debug|Any CPU.Build.0 = Debug|x64
		{AD3EFECC-FC9A-4284-85BE-CFB566B3E4F9}.Debug|x64.ActiveCfg = Debug|x64
		{AD3EFECC-FC9A-4284-85BE-CFB566B3E4F9}.Debug|x64.Build.0 = Debug|x64
		{AD3EFECC-FC9A-4284-85BE-CFB566B3E4F9}.Debug|x86.ActiveCfg = Debug|Win32
		{AD3EFECC-FC9A-4284-85BE-CFB566B3E4F9}.Debug|x86.Build.0 = Debug|Win32
		{AD3EFECC-FC9A-4284-85BE-CFB566B3E4F9}.Release|Any CPU.ActiveCfg = Release|x64
		{AD3EFECC-FC9A-4284-85BE-CFB566B3E4F9}.Release|Any CPU.Build.0 = Release|x64
		{AD3EFECC-FC9A-4284-85BE-CFB566B3E4F9}.Release|x64.ActiveCfg = Release|x64
		{AD3EFECC-FC9A-4284-85BE-CFB566B3E4F9}.Release|x64.Build.0 = Release|x64
		{AD3EFECC-FC9A-4284-85BE-CFB566B3E4F9}.Release|x86.ActiveCfg = Release|Win32
		{AD3EFECC-FC9A-4284-85BE-CFB566B3E4F9}.Release|x86.Build.0 = Release|Win32
		{4BA822FD-C10E-4957-A714-07CDE81CF392}.Debug|Any CPU.ActiveCfg = Debug|Any CPU
		{4BA822FD-C10E-4957-A714-07CDE81CF392}.Debug|Any CPU.Build.0 = Debug|Any CPU
		{4BA822FD-C10E-4957-A714-07CDE81CF392}.Debug|x64.ActiveCfg = Debug|Any CPU
		{4BA822FD-C10E-4957-A714-07CDE81CF392}.Debug|x64.Build.0 = Debug|Any CPU
		{4BA822FD-C10E-4957-A714-07CDE81CF392}.Debug|x86.ActiveCfg = Debug|Any CPU
		{4BA822FD-C10E-4957-A714-07CDE81CF392}.Debug|x86.Build.0 = Debug|Any CPU
		{4BA822FD-C10E-4957-A714-07CDE81CF392}.Release|Any CPU.ActiveCfg = Release|Any CPU
		{4BA822FD-C10E-4957-A714-07CDE81CF392}.Release|Any CPU.Build.0 = Release|Any CPU
		{4BA822FD-C10E-4957-A714-07CDE81CF392}.Release|x64.ActiveCfg = Release|Any CPU
		{4BA822FD-C10E-4957-A714-07CDE81CF392}.Release|x64.Build.0 = Release|Any CPU
		{4BA822FD-C10E-4957-A714-07CDE81CF392}.Release|x86.ActiveCfg = Release|Any CPU
		{4BA822FD-C10E-4957-A714-07CDE81CF392}.Release|x86.Build.0 = Release|Any CPU
	EndGlobalSection
	GlobalSection(SolutionProperties) = preSolution
		HideSolutionNode = FALSE
	EndGlobalSection
	GlobalSection(ExtensibilityGlobals) = postSolution
		SolutionGuid = {000927E9-2517-4B72-B767-FAA04E017D6B}
	EndGlobalSection
EndGlobal
